// !$*UTF8*$!
{
	archiveVersion = 1;
	classes = {
	};
	objectVersion = 56;
	objects = {

/* Begin PBXBuildFile section */
		AB3C0ABA297809D100154FA7 /* AppDelegate.swift in Sources */ = {isa = PBXBuildFile; fileRef = AB3C0AB9297809D100154FA7 /* AppDelegate.swift */; };
		AB3C0ABC297809D100154FA7 /* SceneDelegate.swift in Sources */ = {isa = PBXBuildFile; fileRef = AB3C0ABB297809D100154FA7 /* SceneDelegate.swift */; };
		AB3C0AC3297809D200154FA7 /* Assets.xcassets in Resources */ = {isa = PBXBuildFile; fileRef = AB3C0AC2297809D200154FA7 /* Assets.xcassets */; };
		AB3C0AC6297809D200154FA7 /* LaunchScreen.storyboard in Resources */ = {isa = PBXBuildFile; fileRef = AB3C0AC4297809D200154FA7 /* LaunchScreen.storyboard */; };
		AB3C0AD929780A2C00154FA7 /* HostVC.xib in Resources */ = {isa = PBXBuildFile; fileRef = AB3C0AD229780A2C00154FA7 /* HostVC.xib */; };
		AB3C0ADA29780A2C00154FA7 /* HostVC.swift in Sources */ = {isa = PBXBuildFile; fileRef = AB3C0AD329780A2C00154FA7 /* HostVC.swift */; };
		AB3C0ADB29780A2C00154FA7 /* HostVM.swift in Sources */ = {isa = PBXBuildFile; fileRef = AB3C0AD429780A2C00154FA7 /* HostVM.swift */; };
		AB3C0ADC29780A2C00154FA7 /* StreamerVM.swift in Sources */ = {isa = PBXBuildFile; fileRef = AB3C0AD629780A2C00154FA7 /* StreamerVM.swift */; };
		AB3C0ADD29780A2C00154FA7 /* StreamerVC.xib in Resources */ = {isa = PBXBuildFile; fileRef = AB3C0AD729780A2C00154FA7 /* StreamerVC.xib */; };
		AB3C0ADE29780A2C00154FA7 /* StreamerVC.swift in Sources */ = {isa = PBXBuildFile; fileRef = AB3C0AD829780A2C00154FA7 /* StreamerVC.swift */; };
/* End PBXBuildFile section */

/* Begin PBXFileReference section */
		AB3C0AB6297809D100154FA7 /* MultipeerVideo-Assignment.app */ = {isa = PBXFileReference; explicitFileType = wrapper.application; includeInIndex = 0; path = "MultipeerVideo-Assignment.app"; sourceTree = BUILT_PRODUCTS_DIR; };
		AB3C0AB9297809D100154FA7 /* AppDelegate.swift */ = {isa = PBXFileReference; lastKnownFileType = sourcecode.swift; path = AppDelegate.swift; sourceTree = "<group>"; };
		AB3C0ABB297809D100154FA7 /* SceneDelegate.swift */ = {isa = PBXFileReference; lastKnownFileType = sourcecode.swift; path = SceneDelegate.swift; sourceTree = "<group>"; };
		AB3C0AC2297809D200154FA7 /* Assets.xcassets */ = {isa = PBXFileReference; lastKnownFileType = folder.assetcatalog; path = Assets.xcassets; sourceTree = "<group>"; };
		AB3C0AC5297809D200154FA7 /* Base */ = {isa = PBXFileReference; lastKnownFileType = file.storyboard; name = Base; path = Base.lproj/LaunchScreen.storyboard; sourceTree = "<group>"; };
		AB3C0AC7297809D200154FA7 /* Info.plist */ = {isa = PBXFileReference; lastKnownFileType = text.plist.xml; path = Info.plist; sourceTree = "<group>"; };
		AB3C0AD229780A2C00154FA7 /* HostVC.xib */ = {isa = PBXFileReference; fileEncoding = 4; lastKnownFileType = file.xib; path = HostVC.xib; sourceTree = "<group>"; };
		AB3C0AD329780A2C00154FA7 /* HostVC.swift */ = {isa = PBXFileReference; fileEncoding = 4; lastKnownFileType = sourcecode.swift; path = HostVC.swift; sourceTree = "<group>"; };
		AB3C0AD429780A2C00154FA7 /* HostVM.swift */ = {isa = PBXFileReference; fileEncoding = 4; lastKnownFileType = sourcecode.swift; path = HostVM.swift; sourceTree = "<group>"; };
		AB3C0AD629780A2C00154FA7 /* StreamerVM.swift */ = {isa = PBXFileReference; fileEncoding = 4; lastKnownFileType = sourcecode.swift; path = StreamerVM.swift; sourceTree = "<group>"; };
		AB3C0AD729780A2C00154FA7 /* StreamerVC.xib */ = {isa = PBXFileReference; fileEncoding = 4; lastKnownFileType = file.xib; path = StreamerVC.xib; sourceTree = "<group>"; };
		AB3C0AD829780A2C00154FA7 /* StreamerVC.swift */ = {isa = PBXFileReference; fileEncoding = 4; lastKnownFileType = sourcecode.swift; path = StreamerVC.swift; sourceTree = "<group>"; };
/* End PBXFileReference section */

/* Begin PBXFrameworksBuildPhase section */
		AB3C0AB3297809D100154FA7 /* Frameworks */ = {
			isa = PBXFrameworksBuildPhase;
			buildActionMask = 2147483647;
			files = (
			);
			runOnlyForDeploymentPostprocessing = 0;
		};
/* End PBXFrameworksBuildPhase section */

/* Begin PBXGroup section */
		AB3C0AAD297809D100154FA7 = {
			isa = PBXGroup;
			children = (
				AB3C0AB8297809D100154FA7 /* MultipeerVideo-Assignment */,
				AB3C0AB7297809D100154FA7 /* Products */,
			);
			sourceTree = "<group>";
		};
		AB3C0AB7297809D100154FA7 /* Products */ = {
			isa = PBXGroup;
			children = (
				AB3C0AB6297809D100154FA7 /* MultipeerVideo-Assignment.app */,
			);
			name = Products;
			sourceTree = "<group>";
		};
		AB3C0AB8297809D100154FA7 /* MultipeerVideo-Assignment */ = {
			isa = PBXGroup;
			children = (
				AB3C0ACD297809EA00154FA7 /* Life Cycle */,
				AB3C0AD029780A2C00154FA7 /* Scenes */,
				AB3C0AC2297809D200154FA7 /* Assets.xcassets */,
				AB3C0AC4297809D200154FA7 /* LaunchScreen.storyboard */,
				AB3C0AC7297809D200154FA7 /* Info.plist */,
			);
			path = "MultipeerVideo-Assignment";
			sourceTree = "<group>";
		};
		AB3C0ACD297809EA00154FA7 /* Life Cycle */ = {
			isa = PBXGroup;
			children = (
				AB3C0AB9297809D100154FA7 /* AppDelegate.swift */,
				AB3C0ABB297809D100154FA7 /* SceneDelegate.swift */,
			);
			path = "Life Cycle";
			sourceTree = "<group>";
		};
		AB3C0AD029780A2C00154FA7 /* Scenes */ = {
			isa = PBXGroup;
			children = (
				AB3C0AD129780A2C00154FA7 /* Host */,
				AB3C0AD529780A2C00154FA7 /* Streamer */,
			);
			path = Scenes;
			sourceTree = "<group>";
		};
		AB3C0AD129780A2C00154FA7 /* Host */ = {
			isa = PBXGroup;
			children = (
				AB3C0AD229780A2C00154FA7 /* HostVC.xib */,
				AB3C0AD329780A2C00154FA7 /* HostVC.swift */,
				AB3C0AD429780A2C00154FA7 /* HostVM.swift */,
			);
			path = Host;
			sourceTree = "<group>";
		};
		AB3C0AD529780A2C00154FA7 /* Streamer */ = {
			isa = PBXGroup;
			children = (
				AB3C0AD629780A2C00154FA7 /* StreamerVM.swift */,
				AB3C0AD729780A2C00154FA7 /* StreamerVC.xib */,
				AB3C0AD829780A2C00154FA7 /* StreamerVC.swift */,
			);
			path = Streamer;
			sourceTree = "<group>";
		};
/* End PBXGroup section */

/* Begin PBXNativeTarget section */
		AB3C0AB5297809D100154FA7 /* MultipeerVideo-Assignment */ = {
			isa = PBXNativeTarget;
			buildConfigurationList = AB3C0ACA297809D200154FA7 /* Build configuration list for PBXNativeTarget "MultipeerVideo-Assignment" */;
			buildPhases = (
				AB3C0AB2297809D100154FA7 /* Sources */,
				AB3C0AB3297809D100154FA7 /* Frameworks */,
				AB3C0AB4297809D100154FA7 /* Resources */,
			);
			buildRules = (
			);
			dependencies = (
			);
			name = "MultipeerVideo-Assignment";
			productName = "MultipeerVideo-Assignment";
			productReference = AB3C0AB6297809D100154FA7 /* MultipeerVideo-Assignment.app */;
			productType = "com.apple.product-type.application";
		};
/* End PBXNativeTarget section */

/* Begin PBXProject section */
		AB3C0AAE297809D100154FA7 /* Project object */ = {
			isa = PBXProject;
			attributes = {
				BuildIndependentTargetsInParallel = 1;
				LastSwiftUpdateCheck = 1410;
				LastUpgradeCheck = 1410;
				TargetAttributes = {
					AB3C0AB5297809D100154FA7 = {
						CreatedOnToolsVersion = 14.1;
					};
				};
			};
			buildConfigurationList = AB3C0AB1297809D100154FA7 /* Build configuration list for PBXProject "MultipeerVideo-Assignment" */;
			compatibilityVersion = "Xcode 14.0";
			developmentRegion = en;
			hasScannedForEncodings = 0;
			knownRegions = (
				en,
				Base,
			);
			mainGroup = AB3C0AAD297809D100154FA7;
			productRefGroup = AB3C0AB7297809D100154FA7 /* Products */;
			projectDirPath = "";
			projectRoot = "";
			targets = (
				AB3C0AB5297809D100154FA7 /* MultipeerVideo-Assignment */,
			);
		};
/* End PBXProject section */

/* Begin PBXResourcesBuildPhase section */
		AB3C0AB4297809D100154FA7 /* Resources */ = {
			isa = PBXResourcesBuildPhase;
			buildActionMask = 2147483647;
			files = (
				AB3C0AD929780A2C00154FA7 /* HostVC.xib in Resources */,
				AB3C0AC6297809D200154FA7 /* LaunchScreen.storyboard in Resources */,
				AB3C0AC3297809D200154FA7 /* Assets.xcassets in Resources */,
				AB3C0ADD29780A2C00154FA7 /* StreamerVC.xib in Resources */,
			);
			runOnlyForDeploymentPostprocessing = 0;
		};
/* End PBXResourcesBuildPhase section */

/* Begin PBXSourcesBuildPhase section */
		AB3C0AB2297809D100154FA7 /* Sources */ = {
			isa = PBXSourcesBuildPhase;
			buildActionMask = 2147483647;
			files = (
				AB3C0ADB29780A2C00154FA7 /* HostVM.swift in Sources */,
				AB3C0ADC29780A2C00154FA7 /* StreamerVM.swift in Sources */,
				AB3C0ABA297809D100154FA7 /* AppDelegate.swift in Sources */,
				AB3C0ABC297809D100154FA7 /* SceneDelegate.swift in Sources */,
				AB3C0ADA29780A2C00154FA7 /* HostVC.swift in Sources */,
				AB3C0ADE29780A2C00154FA7 /* StreamerVC.swift in Sources */,
			);
			runOnlyForDeploymentPostprocessing = 0;
		};
/* End PBXSourcesBuildPhase section */

/* Begin PBXVariantGroup section */
		AB3C0AC4297809D200154FA7 /* LaunchScreen.storyboard */ = {
			isa = PBXVariantGroup;
			children = (
				AB3C0AC5297809D200154FA7 /* Base */,
			);
			name = LaunchScreen.storyboard;
			sourceTree = "<group>";
		};
/* End PBXVariantGroup section */

/* Begin XCBuildConfiguration section */
		AB3C0AC8297809D200154FA7 /* Debug */ = {
			isa = XCBuildConfiguration;
			buildSettings = {
				ALWAYS_SEARCH_USER_PATHS = NO;
				CLANG_ANALYZER_NONNULL = YES;
				CLANG_ANALYZER_NUMBER_OBJECT_CONVERSION = YES_AGGRESSIVE;
				CLANG_CXX_LANGUAGE_STANDARD = "gnu++20";
				CLANG_ENABLE_MODULES = YES;
				CLANG_ENABLE_OBJC_ARC = YES;
				CLANG_ENABLE_OBJC_WEAK = YES;
				CLANG_WARN_BLOCK_CAPTURE_AUTORELEASING = YES;
				CLANG_WARN_BOOL_CONVERSION = YES;
				CLANG_WARN_COMMA = YES;
				CLANG_WARN_CONSTANT_CONVERSION = YES;
				CLANG_WARN_DEPRECATED_OBJC_IMPLEMENTATIONS = YES;
				CLANG_WARN_DIRECT_OBJC_ISA_USAGE = YES_ERROR;
				CLANG_WARN_DOCUMENTATION_COMMENTS = YES;
				CLANG_WARN_EMPTY_BODY = YES;
				CLANG_WARN_ENUM_CONVERSION = YES;
				CLANG_WARN_INFINITE_RECURSION = YES;
				CLANG_WARN_INT_CONVERSION = YES;
				CLANG_WARN_NON_LITERAL_NULL_CONVERSION = YES;
				CLANG_WARN_OBJC_IMPLICIT_RETAIN_SELF = YES;
				CLANG_WARN_OBJC_LITERAL_CONVERSION = YES;
				CLANG_WARN_OBJC_ROOT_CLASS = YES_ERROR;
				CLANG_WARN_QUOTED_INCLUDE_IN_FRAMEWORK_HEADER = YES;
				CLANG_WARN_RANGE_LOOP_ANALYSIS = YES;
				CLANG_WARN_STRICT_PROTOTYPES = YES;
				CLANG_WARN_SUSPICIOUS_MOVE = YES;
				CLANG_WARN_UNGUARDED_AVAILABILITY = YES_AGGRESSIVE;
				CLANG_WARN_UNREACHABLE_CODE = YES;
				CLANG_WARN__DUPLICATE_METHOD_MATCH = YES;
				COPY_PHASE_STRIP = NO;
				DEBUG_INFORMATION_FORMAT = dwarf;
				ENABLE_STRICT_OBJC_MSGSEND = YES;
				ENABLE_TESTABILITY = YES;
				GCC_C_LANGUAGE_STANDARD = gnu11;
				GCC_DYNAMIC_NO_PIC = NO;
				GCC_NO_COMMON_BLOCKS = YES;
				GCC_OPTIMIZATION_LEVEL = 0;
				GCC_PREPROCESSOR_DEFINITIONS = (
					"DEBUG=1",
					"$(inherited)",
				);
				GCC_WARN_64_TO_32_BIT_CONVERSION = YES;
				GCC_WARN_ABOUT_RETURN_TYPE = YES_ERROR;
				GCC_WARN_UNDECLARED_SELECTOR = YES;
				GCC_WARN_UNINITIALIZED_AUTOS = YES_AGGRESSIVE;
				GCC_WARN_UNUSED_FUNCTION = YES;
				GCC_WARN_UNUSED_VARIABLE = YES;
				IPHONEOS_DEPLOYMENT_TARGET = 16.1;
				MTL_ENABLE_DEBUG_INFO = INCLUDE_SOURCE;
				MTL_FAST_MATH = YES;
				ONLY_ACTIVE_ARCH = YES;
				SDKROOT = iphoneos;
				SWIFT_ACTIVE_COMPILATION_CONDITIONS = DEBUG;
				SWIFT_OPTIMIZATION_LEVEL = "-Onone";
			};
			name = Debug;
		};
		AB3C0AC9297809D200154FA7 /* Release */ = {
			isa = XCBuildConfiguration;
			buildSettings = {
				ALWAYS_SEARCH_USER_PATHS = NO;
				CLANG_ANALYZER_NONNULL = YES;
				CLANG_ANALYZER_NUMBER_OBJECT_CONVERSION = YES_AGGRESSIVE;
				CLANG_CXX_LANGUAGE_STANDARD = "gnu++20";
				CLANG_ENABLE_MODULES = YES;
				CLANG_ENABLE_OBJC_ARC = YES;
				CLANG_ENABLE_OBJC_WEAK = YES;
				CLANG_WARN_BLOCK_CAPTURE_AUTORELEASING = YES;
				CLANG_WARN_BOOL_CONVERSION = YES;
				CLANG_WARN_COMMA = YES;
				CLANG_WARN_CONSTANT_CONVERSION = YES;
				CLANG_WARN_DEPRECATED_OBJC_IMPLEMENTATIONS = YES;
				CLANG_WARN_DIRECT_OBJC_ISA_USAGE = YES_ERROR;
				CLANG_WARN_DOCUMENTATION_COMMENTS = YES;
				CLANG_WARN_EMPTY_BODY = YES;
				CLANG_WARN_ENUM_CONVERSION = YES;
				CLANG_WARN_INFINITE_RECURSION = YES;
				CLANG_WARN_INT_CONVERSION = YES;
				CLANG_WARN_NON_LITERAL_NULL_CONVERSION = YES;
				CLANG_WARN_OBJC_IMPLICIT_RETAIN_SELF = YES;
				CLANG_WARN_OBJC_LITERAL_CONVERSION = YES;
				CLANG_WARN_OBJC_ROOT_CLASS = YES_ERROR;
				CLANG_WARN_QUOTED_INCLUDE_IN_FRAMEWORK_HEADER = YES;
				CLANG_WARN_RANGE_LOOP_ANALYSIS = YES;
				CLANG_WARN_STRICT_PROTOTYPES = YES;
				CLANG_WARN_SUSPICIOUS_MOVE = YES;
				CLANG_WARN_UNGUARDED_AVAILABILITY = YES_AGGRESSIVE;
				CLANG_WARN_UNREACHABLE_CODE = YES;
				CLANG_WARN__DUPLICATE_METHOD_MATCH = YES;
				COPY_PHASE_STRIP = NO;
				DEBUG_INFORMATION_FORMAT = "dwarf-with-dsym";
				ENABLE_NS_ASSERTIONS = NO;
				ENABLE_STRICT_OBJC_MSGSEND = YES;
				GCC_C_LANGUAGE_STANDARD = gnu11;
				GCC_NO_COMMON_BLOCKS = YES;
				GCC_WARN_64_TO_32_BIT_CONVERSION = YES;
				GCC_WARN_ABOUT_RETURN_TYPE = YES_ERROR;
				GCC_WARN_UNDECLARED_SELECTOR = YES;
				GCC_WARN_UNINITIALIZED_AUTOS = YES_AGGRESSIVE;
				GCC_WARN_UNUSED_FUNCTION = YES;
				GCC_WARN_UNUSED_VARIABLE = YES;
				IPHONEOS_DEPLOYMENT_TARGET = 16.1;
				MTL_ENABLE_DEBUG_INFO = NO;
				MTL_FAST_MATH = YES;
				SDKROOT = iphoneos;
				SWIFT_COMPILATION_MODE = wholemodule;
				SWIFT_OPTIMIZATION_LEVEL = "-O";
				VALIDATE_PRODUCT = YES;
			};
			name = Release;
		};
		AB3C0ACB297809D200154FA7 /* Debug */ = {
			isa = XCBuildConfiguration;
			buildSettings = {
				ASSETCATALOG_COMPILER_APPICON_NAME = AppIcon;
				ASSETCATALOG_COMPILER_GLOBAL_ACCENT_COLOR_NAME = AccentColor;
				CODE_SIGN_STYLE = Automatic;
				CURRENT_PROJECT_VERSION = 1;
				DEVELOPMENT_TEAM = 6J2XDDYT2W;
				GENERATE_INFOPLIST_FILE = YES;
				INFOPLIST_FILE = "MultipeerVideo-Assignment/Info.plist";
				INFOPLIST_KEY_NSCameraUsageDescription = "This app needs your camera permission to record video and send it to the host.";
				INFOPLIST_KEY_NSLocalNetworkUsageDescription = "This app needs your permission to use local network.";
				INFOPLIST_KEY_NSMicrophoneUsageDescription = "This app needs your microphone permission to record video and send it to the host.";
				INFOPLIST_KEY_UIApplicationSupportsIndirectInputEvents = YES;
				INFOPLIST_KEY_UILaunchStoryboardName = LaunchScreen;
				INFOPLIST_KEY_UISupportedInterfaceOrientations_iPad = "UIInterfaceOrientationPortrait UIInterfaceOrientationPortraitUpsideDown UIInterfaceOrientationLandscapeLeft UIInterfaceOrientationLandscapeRight";
				INFOPLIST_KEY_UISupportedInterfaceOrientations_iPhone = "UIInterfaceOrientationPortrait UIInterfaceOrientationLandscapeLeft UIInterfaceOrientationLandscapeRight";
				IPHONEOS_DEPLOYMENT_TARGET = 15.0;
				LD_RUNPATH_SEARCH_PATHS = (
					"$(inherited)",
					"@executable_path/Frameworks",
				);
				MARKETING_VERSION = 1.0;
				PRODUCT_BUNDLE_IDENTIFIER = "com.cleanrun.MultipeerVideo-Assignment";
				PRODUCT_NAME = "$(TARGET_NAME)";
				SUPPORTED_PLATFORMS = "iphoneos iphonesimulator";
				SUPPORTS_MACCATALYST = NO;
				SUPPORTS_MAC_DESIGNED_FOR_IPHONE_IPAD = NO;
				SWIFT_EMIT_LOC_STRINGS = YES;
				SWIFT_VERSION = 5.0;
				TARGETED_DEVICE_FAMILY = "1,2";
			};
			name = Debug;
		};
		AB3C0ACC297809D200154FA7 /* Release */ = {
			isa = XCBuildConfiguration;
			buildSettings = {
				ASSETCATALOG_COMPILER_APPICON_NAME = AppIcon;
				ASSETCATALOG_COMPILER_GLOBAL_ACCENT_COLOR_NAME = AccentColor;
				CODE_SIGN_STYLE = Automatic;
				CURRENT_PROJECT_VERSION = 1;
				DEVELOPMENT_TEAM = 6J2XDDYT2W;
				GENERATE_INFOPLIST_FILE = YES;
				INFOPLIST_FILE = "MultipeerVideo-Assignment/Info.plist";
				INFOPLIST_KEY_NSCameraUsageDescription = "This app needs your camera permission to record video and send it to the host.";
				INFOPLIST_KEY_NSLocalNetworkUsageDescription = "This app needs your permission to use local network.";
				INFOPLIST_KEY_NSMicrophoneUsageDescription = "This app needs your microphone permission to record video and send it to the host.";
				INFOPLIST_KEY_UIApplicationSupportsIndirectInputEvents = YES;
				INFOPLIST_KEY_UILaunchStoryboardName = LaunchScreen;
				INFOPLIST_KEY_UISupportedInterfaceOrientations_iPad = "UIInterfaceOrientationPortrait UIInterfaceOrientationPortraitUpsideDown UIInterfaceOrientationLandscapeLeft UIInterfaceOrientationLandscapeRight";
				INFOPLIST_KEY_UISupportedInterfaceOrientations_iPhone = "UIInterfaceOrientationPortrait UIInterfaceOrientationLandscapeLeft UIInterfaceOrientationLandscapeRight";
				IPHONEOS_DEPLOYMENT_TARGET = 15.0;
				LD_RUNPATH_SEARCH_PATHS = (
					"$(inherited)",
					"@executable_path/Frameworks",
				);
				MARKETING_VERSION = 1.0;
				PRODUCT_BUNDLE_IDENTIFIER = "com.cleanrun.MultipeerVideo-Assignment";
				PRODUCT_NAME = "$(TARGET_NAME)";
				SUPPORTED_PLATFORMS = "iphoneos iphonesimulator";
				SUPPORTS_MACCATALYST = NO;
				SUPPORTS_MAC_DESIGNED_FOR_IPHONE_IPAD = NO;
				SWIFT_EMIT_LOC_STRINGS = YES;
				SWIFT_VERSION = 5.0;
				TARGETED_DEVICE_FAMILY = "1,2";
			};
			name = Release;
		};
/* End XCBuildConfiguration section */

/* Begin XCConfigurationList section */
		AB3C0AB1297809D100154FA7 /* Build configuration list for PBXProject "MultipeerVideo-Assignment" */ = {
			isa = XCConfigurationList;
			buildConfigurations = (
				AB3C0AC8297809D200154FA7 /* Debug */,
				AB3C0AC9297809D200154FA7 /* Release */,
			);
			defaultConfigurationIsVisible = 0;
			defaultConfigurationName = Release;
		};
		AB3C0ACA297809D200154FA7 /* Build configuration list for PBXNativeTarget "MultipeerVideo-Assignment" */ = {
			isa = XCConfigurationList;
			buildConfigurations = (
				AB3C0ACB297809D200154FA7 /* Debug */,
				AB3C0ACC297809D200154FA7 /* Release */,
			);
			defaultConfigurationIsVisible = 0;
			defaultConfigurationName = Release;
		};
/* End XCConfigurationList section */
	};
	rootObject = AB3C0AAE297809D100154FA7 /* Project object */;
}
